{
  "object": {
    "pins": [
      {
        "package": "IosMath",
        "repositoryURL": "https://github.com/adamwulf/iosMath",
        "state": {
          "branch": "feature/spm",
          "revision": "443520c9e33be3a5c8ab18ff6462e3f2e4af7d30",
          "version": null
        }
      },
      {
        "package": "MMSwiftToolbox",
        "repositoryURL": "https://github.com/adamwulf/MMSwiftToolbox",
        "state": {
          "branch": "main",
          "revision": "01f9204071d23a944ccdad7e3c4be92b3e4784fb",
          "version": null
        }
      },
      {
        "package": "Sourceful",
        "repositoryURL": "https://github.com/adamwulf/Sourceful.git",
        "state": {
          "branch": "feature/delegates",
          "revision": "68d9fc1f6f30aa700fec4f47cd09f3c771de0e81",
          "version": null
        }
      },
      {
        "package": "SwiftTex",
        "repositoryURL": "https://github.com/adamwulf/SwiftTex.git",
        "state": {
          "branch": "main",
          "revision": "d75fb8ec8903503ac84d0c84d12675e58189d31d",
          "version": null
        }
      },
      {
        "package": "SwiftyBeaver",
        "repositoryURL": "https://github.com/SwiftyBeaver/SwiftyBeaver.git",
        "state": {
          "branch": null,
          "revision": "2c513a2e8fbfbd6495afc4a05941d8e3fdba68e9",
          "version": "1.9.3"
        }
      }
    ]
  },
  "version": 1
}
