{
  "object": {
    "pins": [
      {
        "package": "iosMath",
        "repositoryURL": "https://github.com/adamwulf/iosMath.git",
        "state": {
          "branch": "master",
          "revision": "5b9840a2e2d72ab403813fb1fad296c8e4acb228",
          "version": null
        }
      },
      {
        "package": "MMSwiftToolbox",
        "repositoryURL": "https://github.com/adamwulf/MMSwiftToolbox",
        "state": {
          "branch": "main",
          "revision": "bcca4a637e512d41772582ef9e602c6df876a585",
          "version": null
        }
      },
      {
        "package": "Sourceful",
        "repositoryURL": "https://github.com/adamwulf/Sourceful.git",
        "state": {
          "branch": "main",
          "revision": "7dec5b43a2afeec126ea940821b6f7c38c410cf4",
          "version": null
        }
      },
      {
        "package": "SwiftTex",
        "repositoryURL": "https://github.com/adamwulf/SwiftTex.git",
        "state": {
          "branch": "main",
          "revision": "1eef6e3555fdf01ddc425abce5808ca85c6ece5d",
          "version": null
        }
      },
      {
        "package": "SwiftyBeaver",
        "repositoryURL": "https://github.com/SwiftyBeaver/SwiftyBeaver.git",
        "state": {
          "branch": null,
          "revision": "2c039501d6eeb4d4cd4aec4a8d884ad28862e044",
          "version": "1.9.5"
        }
      }
    ]
  },
  "version": 1
}
