{
  "object": {
    "pins": [
      {
        "package": "IosMath",
        "repositoryURL": "https://github.com/adamwulf/iosMath",
        "state": {
          "branch": "feature/spm",
          "revision": "443520c9e33be3a5c8ab18ff6462e3f2e4af7d30",
          "version": null
        }
      },
      {
        "package": "MMSwiftToolbox",
        "repositoryURL": "https://github.com/adamwulf/MMSwiftToolbox",
        "state": {
          "branch": "main",
          "revision": "40689fe55bbac8a6f531058ae3939263cbff2906",
          "version": null
        }
      },
      {
        "package": "Sourceful",
        "repositoryURL": "https://github.com/adamwulf/Sourceful.git",
        "state": {
          "branch": "feature/delegates",
          "revision": "80b2850fd9afba24eed1577a26b51f86dbb63669",
          "version": null
        }
      },
      {
        "package": "SwiftTex",
        "repositoryURL": "https://github.com/adamwulf/SwiftTex.git",
        "state": {
          "branch": "main",
          "revision": "a878ea263046ce11005eee0db580f9ea73023e5a",
          "version": null
        }
      },
      {
        "package": "SwiftyBeaver",
        "repositoryURL": "https://github.com/SwiftyBeaver/SwiftyBeaver.git",
        "state": {
          "branch": null,
          "revision": "2c513a2e8fbfbd6495afc4a05941d8e3fdba68e9",
          "version": "1.9.3"
        }
      }
    ]
  },
  "version": 1
}
