// !$*UTF8*$!
{
	archiveVersion = 1;
	classes = {
	};
	objectVersion = 52;
	objects = {

/* Begin PBXBuildFile section */
		C506174D2626B0190089EC8E /* SwiftTex in Frameworks */ = {isa = PBXBuildFile; productRef = C506174C2626B0190089EC8E /* SwiftTex */; };
		C50617502626B0A40089EC8E /* README.md in Resources */ = {isa = PBXBuildFile; fileRef = C506174F2626B0A40089EC8E /* README.md */; };
		C50617562626B1E20089EC8E /* MMSwiftToolbox in Frameworks */ = {isa = PBXBuildFile; productRef = C50617552626B1E20089EC8E /* MMSwiftToolbox */; };
		C506175A2626B2560089EC8E /* SwiftyBeaver in Frameworks */ = {isa = PBXBuildFile; productRef = C50617592626B2560089EC8E /* SwiftyBeaver */; };
		C506176E2626B2900089EC8E /* Logging.swift in Sources */ = {isa = PBXBuildFile; fileRef = C506176D2626B2900089EC8E /* Logging.swift */; };
		C50617722626BB3F0089EC8E /* Sourceful in Frameworks */ = {isa = PBXBuildFile; productRef = C50617712626BB3F0089EC8E /* Sourceful */; };
		C50617832626BF4F0089EC8E /* DarkTheme.swift in Sources */ = {isa = PBXBuildFile; fileRef = C50617822626BF4F0089EC8E /* DarkTheme.swift */; };
		C50617862626BF690089EC8E /* LightTheme.swift in Sources */ = {isa = PBXBuildFile; fileRef = C50617852626BF690089EC8E /* LightTheme.swift */; };
		C506178B2626BFA40089EC8E /* LICENSE.md in Resources */ = {isa = PBXBuildFile; fileRef = C506178A2626BFA40089EC8E /* LICENSE.md */; };
		C506178E2626C0200089EC8E /* Constants.swift in Sources */ = {isa = PBXBuildFile; fileRef = C506178D2626C0200089EC8E /* Constants.swift */; };
		C50617922626C5090089EC8E /* MathEditor.swift in Sources */ = {isa = PBXBuildFile; fileRef = C50617912626C5090089EC8E /* MathEditor.swift */; };
		C50617952626C9030089EC8E /* TexLexer.swift in Sources */ = {isa = PBXBuildFile; fileRef = C50617942626C9030089EC8E /* TexLexer.swift */; };
		C59C97C92626AB20006224D4 /* AppDelegate.swift in Sources */ = {isa = PBXBuildFile; fileRef = C59C97C82626AB20006224D4 /* AppDelegate.swift */; };
		C59C97CB2626AB20006224D4 /* ViewController.swift in Sources */ = {isa = PBXBuildFile; fileRef = C59C97CA2626AB20006224D4 /* ViewController.swift */; };
		C59C97CD2626AB20006224D4 /* Document.swift in Sources */ = {isa = PBXBuildFile; fileRef = C59C97CC2626AB20006224D4 /* Document.swift */; };
		C59C97CF2626AB20006224D4 /* Assets.xcassets in Resources */ = {isa = PBXBuildFile; fileRef = C59C97CE2626AB20006224D4 /* Assets.xcassets */; };
		C59C97D22626AB20006224D4 /* Main.storyboard in Resources */ = {isa = PBXBuildFile; fileRef = C59C97D02626AB20006224D4 /* Main.storyboard */; };
		C5E14263262801500041DEF2 /* IosMath in Frameworks */ = {isa = PBXBuildFile; productRef = C5E14262262801500041DEF2 /* IosMath */; };
/* End PBXBuildFile section */

/* Begin PBXFileReference section */
		C506174F2626B0A40089EC8E /* README.md */ = {isa = PBXFileReference; fileEncoding = 4; lastKnownFileType = net.daringfireball.markdown; path = README.md; sourceTree = "<group>"; };
		C506176D2626B2900089EC8E /* Logging.swift */ = {isa = PBXFileReference; lastKnownFileType = sourcecode.swift; path = Logging.swift; sourceTree = "<group>"; };
		C50617822626BF4F0089EC8E /* DarkTheme.swift */ = {isa = PBXFileReference; lastKnownFileType = sourcecode.swift; path = DarkTheme.swift; sourceTree = "<group>"; };
		C50617852626BF690089EC8E /* LightTheme.swift */ = {isa = PBXFileReference; lastKnownFileType = sourcecode.swift; path = LightTheme.swift; sourceTree = "<group>"; };
		C506178A2626BFA40089EC8E /* LICENSE.md */ = {isa = PBXFileReference; fileEncoding = 4; lastKnownFileType = net.daringfireball.markdown; path = LICENSE.md; sourceTree = "<group>"; };
		C506178D2626C0200089EC8E /* Constants.swift */ = {isa = PBXFileReference; lastKnownFileType = sourcecode.swift; path = Constants.swift; sourceTree = "<group>"; };
		C50617912626C5090089EC8E /* MathEditor.swift */ = {isa = PBXFileReference; lastKnownFileType = sourcecode.swift; path = MathEditor.swift; sourceTree = "<group>"; };
		C50617942626C9030089EC8E /* TexLexer.swift */ = {isa = PBXFileReference; lastKnownFileType = sourcecode.swift; path = TexLexer.swift; sourceTree = "<group>"; };
		C59C97C52626AB20006224D4 /* Einstein.app */ = {isa = PBXFileReference; explicitFileType = wrapper.application; includeInIndex = 0; path = Einstein.app; sourceTree = BUILT_PRODUCTS_DIR; };
		C59C97C82626AB20006224D4 /* AppDelegate.swift */ = {isa = PBXFileReference; lastKnownFileType = sourcecode.swift; path = AppDelegate.swift; sourceTree = "<group>"; };
		C59C97CA2626AB20006224D4 /* ViewController.swift */ = {isa = PBXFileReference; lastKnownFileType = sourcecode.swift; path = ViewController.swift; sourceTree = "<group>"; };
		C59C97CC2626AB20006224D4 /* Document.swift */ = {isa = PBXFileReference; lastKnownFileType = sourcecode.swift; path = Document.swift; sourceTree = "<group>"; };
		C59C97CE2626AB20006224D4 /* Assets.xcassets */ = {isa = PBXFileReference; lastKnownFileType = folder.assetcatalog; path = Assets.xcassets; sourceTree = "<group>"; };
		C59C97D12626AB20006224D4 /* Base */ = {isa = PBXFileReference; lastKnownFileType = file.storyboard; name = Base; path = Base.lproj/Main.storyboard; sourceTree = "<group>"; };
		C59C97D32626AB20006224D4 /* Info.plist */ = {isa = PBXFileReference; lastKnownFileType = text.plist.xml; path = Info.plist; sourceTree = "<group>"; };
		C59C97D42626AB20006224D4 /* Einstein.entitlements */ = {isa = PBXFileReference; lastKnownFileType = text.plist.entitlements; path = Einstein.entitlements; sourceTree = "<group>"; };
/* End PBXFileReference section */

/* Begin PBXFrameworksBuildPhase section */
		C59C97C22626AB20006224D4 /* Frameworks */ = {
			isa = PBXFrameworksBuildPhase;
			buildActionMask = 2147483647;
			files = (
				C50617562626B1E20089EC8E /* MMSwiftToolbox in Frameworks */,
				C5E14263262801500041DEF2 /* IosMath in Frameworks */,
				C50617722626BB3F0089EC8E /* Sourceful in Frameworks */,
				C506174D2626B0190089EC8E /* SwiftTex in Frameworks */,
				C506175A2626B2560089EC8E /* SwiftyBeaver in Frameworks */,
			);
			runOnlyForDeploymentPostprocessing = 0;
		};
/* End PBXFrameworksBuildPhase section */

/* Begin PBXGroup section */
		C50617812626BF460089EC8E /* Editor */ = {
			isa = PBXGroup;
			children = (
				C50617822626BF4F0089EC8E /* DarkTheme.swift */,
				C50617852626BF690089EC8E /* LightTheme.swift */,
				C50617912626C5090089EC8E /* MathEditor.swift */,
				C50617942626C9030089EC8E /* TexLexer.swift */,
			);
			path = Editor;
			sourceTree = "<group>";
		};
		C50617882626BF740089EC8E /* Licenses */ = {
			isa = PBXGroup;
			children = (
				C50617892626BF890089EC8E /* Unwrap */,
			);
			path = Licenses;
			sourceTree = "<group>";
		};
		C50617892626BF890089EC8E /* Unwrap */ = {
			isa = PBXGroup;
			children = (
				C506178A2626BFA40089EC8E /* LICENSE.md */,
			);
			path = Unwrap;
			sourceTree = "<group>";
		};
		C59C97BC2626AB20006224D4 = {
			isa = PBXGroup;
			children = (
				C506174F2626B0A40089EC8E /* README.md */,
				C59C97C72626AB20006224D4 /* Einstein */,
				C59C97C62626AB20006224D4 /* Products */,
			);
			sourceTree = "<group>";
		};
		C59C97C62626AB20006224D4 /* Products */ = {
			isa = PBXGroup;
			children = (
				C59C97C52626AB20006224D4 /* Einstein.app */,
			);
			name = Products;
			sourceTree = "<group>";
		};
		C59C97C72626AB20006224D4 /* Einstein */ = {
			isa = PBXGroup;
			children = (
				C50617882626BF740089EC8E /* Licenses */,
				C50617812626BF460089EC8E /* Editor */,
				C59C97C82626AB20006224D4 /* AppDelegate.swift */,
				C59C97CA2626AB20006224D4 /* ViewController.swift */,
				C59C97CC2626AB20006224D4 /* Document.swift */,
				C506176D2626B2900089EC8E /* Logging.swift */,
				C506178D2626C0200089EC8E /* Constants.swift */,
				C59C97CE2626AB20006224D4 /* Assets.xcassets */,
				C59C97D02626AB20006224D4 /* Main.storyboard */,
				C59C97D32626AB20006224D4 /* Info.plist */,
				C59C97D42626AB20006224D4 /* Einstein.entitlements */,
			);
			path = Einstein;
			sourceTree = "<group>";
		};
/* End PBXGroup section */

/* Begin PBXNativeTarget section */
		C59C97C42626AB20006224D4 /* Einstein */ = {
			isa = PBXNativeTarget;
			buildConfigurationList = C59C97D72626AB20006224D4 /* Build configuration list for PBXNativeTarget "Einstein" */;
			buildPhases = (
				C59C97C12626AB20006224D4 /* Sources */,
				C59C97C22626AB20006224D4 /* Frameworks */,
				C59C97C32626AB20006224D4 /* Resources */,
			);
			buildRules = (
			);
			dependencies = (
			);
			name = Einstein;
			packageProductDependencies = (
				C506174C2626B0190089EC8E /* SwiftTex */,
				C50617552626B1E20089EC8E /* MMSwiftToolbox */,
				C50617592626B2560089EC8E /* SwiftyBeaver */,
				C50617712626BB3F0089EC8E /* Sourceful */,
				C5E14262262801500041DEF2 /* IosMath */,
			);
			productName = Einstein;
			productReference = C59C97C52626AB20006224D4 /* Einstein.app */;
			productType = "com.apple.product-type.application";
		};
/* End PBXNativeTarget section */

/* Begin PBXProject section */
		C59C97BD2626AB20006224D4 /* Project object */ = {
			isa = PBXProject;
			attributes = {
				LastSwiftUpdateCheck = 1240;
				LastUpgradeCheck = 1240;
				ORGANIZATIONNAME = "Milestone Made";
				TargetAttributes = {
					C59C97C42626AB20006224D4 = {
						CreatedOnToolsVersion = 12.4;
					};
				};
			};
			buildConfigurationList = C59C97C02626AB20006224D4 /* Build configuration list for PBXProject "Einstein" */;
			compatibilityVersion = "Xcode 9.3";
			developmentRegion = en;
			hasScannedForEncodings = 0;
			knownRegions = (
				en,
				Base,
			);
			mainGroup = C59C97BC2626AB20006224D4;
			packageReferences = (
				C506174B2626B0190089EC8E /* XCRemoteSwiftPackageReference "SwiftTex" */,
				C50617542626B1E20089EC8E /* XCRemoteSwiftPackageReference "MMSwiftToolbox" */,
				C50617582626B2560089EC8E /* XCRemoteSwiftPackageReference "SwiftyBeaver" */,
				C50617702626BB3F0089EC8E /* XCRemoteSwiftPackageReference "Sourceful" */,
				C5E14261262801500041DEF2 /* XCRemoteSwiftPackageReference "iosMath" */,
			);
			productRefGroup = C59C97C62626AB20006224D4 /* Products */;
			projectDirPath = "";
			projectRoot = "";
			targets = (
				C59C97C42626AB20006224D4 /* Einstein */,
			);
		};
/* End PBXProject section */

/* Begin PBXResourcesBuildPhase section */
		C59C97C32626AB20006224D4 /* Resources */ = {
			isa = PBXResourcesBuildPhase;
			buildActionMask = 2147483647;
			files = (
				C506178B2626BFA40089EC8E /* LICENSE.md in Resources */,
				C50617502626B0A40089EC8E /* README.md in Resources */,
				C59C97CF2626AB20006224D4 /* Assets.xcassets in Resources */,
				C59C97D22626AB20006224D4 /* Main.storyboard in Resources */,
			);
			runOnlyForDeploymentPostprocessing = 0;
		};
/* End PBXResourcesBuildPhase section */

/* Begin PBXSourcesBuildPhase section */
		C59C97C12626AB20006224D4 /* Sources */ = {
			isa = PBXSourcesBuildPhase;
			buildActionMask = 2147483647;
			files = (
				C50617832626BF4F0089EC8E /* DarkTheme.swift in Sources */,
				C50617952626C9030089EC8E /* TexLexer.swift in Sources */,
				C59C97CB2626AB20006224D4 /* ViewController.swift in Sources */,
				C59C97C92626AB20006224D4 /* AppDelegate.swift in Sources */,
				C59C97CD2626AB20006224D4 /* Document.swift in Sources */,
				C50617922626C5090089EC8E /* MathEditor.swift in Sources */,
				C506178E2626C0200089EC8E /* Constants.swift in Sources */,
				C50617862626BF690089EC8E /* LightTheme.swift in Sources */,
				C506176E2626B2900089EC8E /* Logging.swift in Sources */,
			);
			runOnlyForDeploymentPostprocessing = 0;
		};
/* End PBXSourcesBuildPhase section */

/* Begin PBXVariantGroup section */
		C59C97D02626AB20006224D4 /* Main.storyboard */ = {
			isa = PBXVariantGroup;
			children = (
				C59C97D12626AB20006224D4 /* Base */,
			);
			name = Main.storyboard;
			sourceTree = "<group>";
		};
/* End PBXVariantGroup section */

/* Begin XCBuildConfiguration section */
		C59C97D52626AB20006224D4 /* Debug */ = {
			isa = XCBuildConfiguration;
			buildSettings = {
				ALWAYS_SEARCH_USER_PATHS = NO;
				CLANG_ANALYZER_NONNULL = YES;
				CLANG_ANALYZER_NUMBER_OBJECT_CONVERSION = YES_AGGRESSIVE;
				CLANG_CXX_LANGUAGE_STANDARD = "gnu++14";
				CLANG_CXX_LIBRARY = "libc++";
				CLANG_ENABLE_MODULES = YES;
				CLANG_ENABLE_OBJC_ARC = YES;
				CLANG_ENABLE_OBJC_WEAK = YES;
				CLANG_WARN_BLOCK_CAPTURE_AUTORELEASING = YES;
				CLANG_WARN_BOOL_CONVERSION = YES;
				CLANG_WARN_COMMA = YES;
				CLANG_WARN_CONSTANT_CONVERSION = YES;
				CLANG_WARN_DEPRECATED_OBJC_IMPLEMENTATIONS = YES;
				CLANG_WARN_DIRECT_OBJC_ISA_USAGE = YES_ERROR;
				CLANG_WARN_DOCUMENTATION_COMMENTS = YES;
				CLANG_WARN_EMPTY_BODY = YES;
				CLANG_WARN_ENUM_CONVERSION = YES;
				CLANG_WARN_INFINITE_RECURSION = YES;
				CLANG_WARN_INT_CONVERSION = YES;
				CLANG_WARN_NON_LITERAL_NULL_CONVERSION = YES;
				CLANG_WARN_OBJC_IMPLICIT_RETAIN_SELF = YES;
				CLANG_WARN_OBJC_LITERAL_CONVERSION = YES;
				CLANG_WARN_OBJC_ROOT_CLASS = YES_ERROR;
				CLANG_WARN_QUOTED_INCLUDE_IN_FRAMEWORK_HEADER = YES;
				CLANG_WARN_RANGE_LOOP_ANALYSIS = YES;
				CLANG_WARN_STRICT_PROTOTYPES = YES;
				CLANG_WARN_SUSPICIOUS_MOVE = YES;
				CLANG_WARN_UNGUARDED_AVAILABILITY = YES_AGGRESSIVE;
				CLANG_WARN_UNREACHABLE_CODE = YES;
				CLANG_WARN__DUPLICATE_METHOD_MATCH = YES;
				COPY_PHASE_STRIP = NO;
				DEBUG_INFORMATION_FORMAT = dwarf;
				ENABLE_STRICT_OBJC_MSGSEND = YES;
				ENABLE_TESTABILITY = YES;
				GCC_C_LANGUAGE_STANDARD = gnu11;
				GCC_DYNAMIC_NO_PIC = NO;
				GCC_NO_COMMON_BLOCKS = YES;
				GCC_OPTIMIZATION_LEVEL = 0;
				GCC_PREPROCESSOR_DEFINITIONS = (
					"DEBUG=1",
					"$(inherited)",
				);
				GCC_WARN_64_TO_32_BIT_CONVERSION = YES;
				GCC_WARN_ABOUT_RETURN_TYPE = YES_ERROR;
				GCC_WARN_UNDECLARED_SELECTOR = YES;
				GCC_WARN_UNINITIALIZED_AUTOS = YES_AGGRESSIVE;
				GCC_WARN_UNUSED_FUNCTION = YES;
				GCC_WARN_UNUSED_VARIABLE = YES;
				MACOSX_DEPLOYMENT_TARGET = 11.1;
				MTL_ENABLE_DEBUG_INFO = INCLUDE_SOURCE;
				MTL_FAST_MATH = YES;
				ONLY_ACTIVE_ARCH = YES;
				SDKROOT = macosx;
				SWIFT_ACTIVE_COMPILATION_CONDITIONS = DEBUG;
				SWIFT_OPTIMIZATION_LEVEL = "-Onone";
			};
			name = Debug;
		};
		C59C97D62626AB20006224D4 /* Release */ = {
			isa = XCBuildConfiguration;
			buildSettings = {
				ALWAYS_SEARCH_USER_PATHS = NO;
				CLANG_ANALYZER_NONNULL = YES;
				CLANG_ANALYZER_NUMBER_OBJECT_CONVERSION = YES_AGGRESSIVE;
				CLANG_CXX_LANGUAGE_STANDARD = "gnu++14";
				CLANG_CXX_LIBRARY = "libc++";
				CLANG_ENABLE_MODULES = YES;
				CLANG_ENABLE_OBJC_ARC = YES;
				CLANG_ENABLE_OBJC_WEAK = YES;
				CLANG_WARN_BLOCK_CAPTURE_AUTORELEASING = YES;
				CLANG_WARN_BOOL_CONVERSION = YES;
				CLANG_WARN_COMMA = YES;
				CLANG_WARN_CONSTANT_CONVERSION = YES;
				CLANG_WARN_DEPRECATED_OBJC_IMPLEMENTATIONS = YES;
				CLANG_WARN_DIRECT_OBJC_ISA_USAGE = YES_ERROR;
				CLANG_WARN_DOCUMENTATION_COMMENTS = YES;
				CLANG_WARN_EMPTY_BODY = YES;
				CLANG_WARN_ENUM_CONVERSION = YES;
				CLANG_WARN_INFINITE_RECURSION = YES;
				CLANG_WARN_INT_CONVERSION = YES;
				CLANG_WARN_NON_LITERAL_NULL_CONVERSION = YES;
				CLANG_WARN_OBJC_IMPLICIT_RETAIN_SELF = YES;
				CLANG_WARN_OBJC_LITERAL_CONVERSION = YES;
				CLANG_WARN_OBJC_ROOT_CLASS = YES_ERROR;
				CLANG_WARN_QUOTED_INCLUDE_IN_FRAMEWORK_HEADER = YES;
				CLANG_WARN_RANGE_LOOP_ANALYSIS = YES;
				CLANG_WARN_STRICT_PROTOTYPES = YES;
				CLANG_WARN_SUSPICIOUS_MOVE = YES;
				CLANG_WARN_UNGUARDED_AVAILABILITY = YES_AGGRESSIVE;
				CLANG_WARN_UNREACHABLE_CODE = YES;
				CLANG_WARN__DUPLICATE_METHOD_MATCH = YES;
				COPY_PHASE_STRIP = NO;
				DEBUG_INFORMATION_FORMAT = "dwarf-with-dsym";
				ENABLE_NS_ASSERTIONS = NO;
				ENABLE_STRICT_OBJC_MSGSEND = YES;
				GCC_C_LANGUAGE_STANDARD = gnu11;
				GCC_NO_COMMON_BLOCKS = YES;
				GCC_WARN_64_TO_32_BIT_CONVERSION = YES;
				GCC_WARN_ABOUT_RETURN_TYPE = YES_ERROR;
				GCC_WARN_UNDECLARED_SELECTOR = YES;
				GCC_WARN_UNINITIALIZED_AUTOS = YES_AGGRESSIVE;
				GCC_WARN_UNUSED_FUNCTION = YES;
				GCC_WARN_UNUSED_VARIABLE = YES;
				MACOSX_DEPLOYMENT_TARGET = 11.1;
				MTL_ENABLE_DEBUG_INFO = NO;
				MTL_FAST_MATH = YES;
				SDKROOT = macosx;
				SWIFT_COMPILATION_MODE = wholemodule;
				SWIFT_OPTIMIZATION_LEVEL = "-O";
			};
			name = Release;
		};
		C59C97D82626AB20006224D4 /* Debug */ = {
			isa = XCBuildConfiguration;
			buildSettings = {
				ASSETCATALOG_COMPILER_APPICON_NAME = AppIcon;
				ASSETCATALOG_COMPILER_GLOBAL_ACCENT_COLOR_NAME = AccentColor;
				CODE_SIGN_ENTITLEMENTS = Einstein/Einstein.entitlements;
				CODE_SIGN_STYLE = Automatic;
				COMBINE_HIDPI_IMAGES = YES;
				DEVELOPMENT_TEAM = MU27A4SCKC;
				ENABLE_HARDENED_RUNTIME = YES;
				INFOPLIST_FILE = Einstein/Info.plist;
				LD_RUNPATH_SEARCH_PATHS = (
					"$(inherited)",
					"@executable_path/../Frameworks",
				);
				PRODUCT_BUNDLE_IDENTIFIER = com.milestonemade.Einstein;
				PRODUCT_NAME = "$(TARGET_NAME)";
				SWIFT_VERSION = 5.0;
			};
			name = Debug;
		};
		C59C97D92626AB20006224D4 /* Release */ = {
			isa = XCBuildConfiguration;
			buildSettings = {
				ASSETCATALOG_COMPILER_APPICON_NAME = AppIcon;
				ASSETCATALOG_COMPILER_GLOBAL_ACCENT_COLOR_NAME = AccentColor;
				CODE_SIGN_ENTITLEMENTS = Einstein/Einstein.entitlements;
				CODE_SIGN_STYLE = Automatic;
				COMBINE_HIDPI_IMAGES = YES;
				DEVELOPMENT_TEAM = MU27A4SCKC;
				ENABLE_HARDENED_RUNTIME = YES;
				INFOPLIST_FILE = Einstein/Info.plist;
				LD_RUNPATH_SEARCH_PATHS = (
					"$(inherited)",
					"@executable_path/../Frameworks",
				);
				PRODUCT_BUNDLE_IDENTIFIER = com.milestonemade.Einstein;
				PRODUCT_NAME = "$(TARGET_NAME)";
				SWIFT_VERSION = 5.0;
			};
			name = Release;
		};
/* End XCBuildConfiguration section */

/* Begin XCConfigurationList section */
		C59C97C02626AB20006224D4 /* Build configuration list for PBXProject "Einstein" */ = {
			isa = XCConfigurationList;
			buildConfigurations = (
				C59C97D52626AB20006224D4 /* Debug */,
				C59C97D62626AB20006224D4 /* Release */,
			);
			defaultConfigurationIsVisible = 0;
			defaultConfigurationName = Release;
		};
		C59C97D72626AB20006224D4 /* Build configuration list for PBXNativeTarget "Einstein" */ = {
			isa = XCConfigurationList;
			buildConfigurations = (
				C59C97D82626AB20006224D4 /* Debug */,
				C59C97D92626AB20006224D4 /* Release */,
			);
			defaultConfigurationIsVisible = 0;
			defaultConfigurationName = Release;
		};
/* End XCConfigurationList section */

/* Begin XCRemoteSwiftPackageReference section */
		C506174B2626B0190089EC8E /* XCRemoteSwiftPackageReference "SwiftTex" */ = {
			isa = XCRemoteSwiftPackageReference;
			repositoryURL = "https://github.com/adamwulf/SwiftTex.git";
			requirement = {
				branch = main;
				kind = branch;
			};
		};
		C50617542626B1E20089EC8E /* XCRemoteSwiftPackageReference "MMSwiftToolbox" */ = {
			isa = XCRemoteSwiftPackageReference;
			repositoryURL = "https://github.com/adamwulf/MMSwiftToolbox";
			requirement = {
				branch = main;
				kind = branch;
			};
		};
		C50617582626B2560089EC8E /* XCRemoteSwiftPackageReference "SwiftyBeaver" */ = {
			isa = XCRemoteSwiftPackageReference;
			repositoryURL = "https://github.com/SwiftyBeaver/SwiftyBeaver.git";
			requirement = {
				kind = upToNextMajorVersion;
				minimumVersion = 1.9.3;
			};
		};
		C50617702626BB3F0089EC8E /* XCRemoteSwiftPackageReference "Sourceful" */ = {
			isa = XCRemoteSwiftPackageReference;
			repositoryURL = "https://github.com/twostraws/Sourceful";
			requirement = {
				kind = upToNextMajorVersion;
				minimumVersion = 0.3.0;
			};
		};
		C5E14261262801500041DEF2 /* XCRemoteSwiftPackageReference "iosMath" */ = {
			isa = XCRemoteSwiftPackageReference;
			repositoryURL = "https://github.com/adamwulf/iosMath";
			requirement = {
				branch = feature/spm;
				kind = branch;
			};
		};
/* End XCRemoteSwiftPackageReference section */

/* Begin XCSwiftPackageProductDependency section */
		C506174C2626B0190089EC8E /* SwiftTex */ = {
			isa = XCSwiftPackageProductDependency;
			package = C506174B2626B0190089EC8E /* XCRemoteSwiftPackageReference "SwiftTex" */;
			productName = SwiftTex;
		};
		C50617552626B1E20089EC8E /* MMSwiftToolbox */ = {
			isa = XCSwiftPackageProductDependency;
			package = C50617542626B1E20089EC8E /* XCRemoteSwiftPackageReference "MMSwiftToolbox" */;
			productName = MMSwiftToolbox;
		};
		C50617592626B2560089EC8E /* SwiftyBeaver */ = {
			isa = XCSwiftPackageProductDependency;
			package = C50617582626B2560089EC8E /* XCRemoteSwiftPackageReference "SwiftyBeaver" */;
			productName = SwiftyBeaver;
		};
		C50617712626BB3F0089EC8E /* Sourceful */ = {
			isa = XCSwiftPackageProductDependency;
			package = C50617702626BB3F0089EC8E /* XCRemoteSwiftPackageReference "Sourceful" */;
			productName = Sourceful;
		};
		C5E14262262801500041DEF2 /* IosMath */ = {
			isa = XCSwiftPackageProductDependency;
			package = C5E14261262801500041DEF2 /* XCRemoteSwiftPackageReference "iosMath" */;
			productName = IosMath;
		};
/* End XCSwiftPackageProductDependency section */
	};
	rootObject = C59C97BD2626AB20006224D4 /* Project object */;
}
